{"version":4,"terraform_version":"1.8.1","serial":5,"lineage":"95d78c96-c2bd-93fb-8530-ae2da6607d7b","outputs":{},"resources":[{"mode":"managed","type":"cloudflare_record","name":"a_records","provider":"provider[\"registry.opentofu.org/cloudflare/cloudflare\"]","instances":[{"index_key":"bokstavboks.no-185.199.108.153","schema_version":3,"attributes":{"allow_overwrite":false,"comment":"","content":"185.199.108.153","created_on":"2024-08-18T08:10:24.062365Z","data":[],"hostname":"bokstavboks.no","id":"78a531123978a1628c28efa07576f95a","metadata":{"auto_added":"false","managed_by_apps":"false","managed_by_argo_tunnel":"false"},"modified_on":"2024-08-18T08:10:24.062365Z","name":"bokstavboks.no","priority":null,"proxiable":true,"proxied":true,"tags":[],"timeouts":null,"ttl":1,"type":"A","value":"185.199.108.153","zone_id":"58a5b04492c16abfbcb89f131853dd80"},"sensitive_attributes":[],"private":"eyJlMmJmYjczMC1lY2FhLTExZTYtOGY4OC0zNDM2M2JjN2M0YzAiOnsiY3JlYXRlIjozMDAwMDAwMDAwMCwidXBkYXRlIjozMDAwMDAwMDAwMH0sInNjaGVtYV92ZXJzaW9uIjoiMyJ9"},{"index_key":"bokstavboks.no-185.199.109.153","schema_version":3,"attributes":{"allow_overwrite":false,"comment":"","content":"185.199.109.153","created_on":"2024-08-18T08:10:23.825461Z","data":[],"hostname":"bokstavboks.no","id":"02638487a8182c91da2edd30c32c6842","metadata":{"auto_added":"false","managed_by_apps":"false","managed_by_argo_tunnel":"false"},"modified_on":"2024-08-18T08:10:23.825461Z","name":"bokstavboks.no","priority":null,"proxiable":true,"proxied":true,"tags":[],"timeouts":null,"ttl":1,"type":"A","value":"185.199.109.153","zone_id":"58a5b04492c16abfbcb89f131853dd80"},"sensitive_attributes":[],"private":"eyJlMmJmYjczMC1lY2FhLTExZTYtOGY4OC0zNDM2M2JjN2M0YzAiOnsiY3JlYXRlIjozMDAwMDAwMDAwMCwidXBkYXRlIjozMDAwMDAwMDAwMH0sInNjaGVtYV92ZXJzaW9uIjoiMyJ9"},{"index_key":"bokstavboks.no-185.199.110.153","schema_version":3,"attributes":{"allow_overwrite":false,"comment":"","content":"185.199.110.153","created_on":"2024-08-18T08:10:24.318674Z","data":[],"hostname":"bokstavboks.no","id":"580cbe55751385855d872464e7bf2dda","metadata":{"auto_added":"false","managed_by_apps":"false","managed_by_argo_tunnel":"false"},"modified_on":"2024-08-18T08:10:24.318674Z","name":"bokstavboks.no","priority":null,"proxiable":true,"proxied":true,"tags":[],"timeouts":null,"ttl":1,"type":"A","value":"185.199.110.153","zone_id":"58a5b04492c16abfbcb89f131853dd80"},"sensitive_attributes":[],"private":"eyJlMmJmYjczMC1lY2FhLTExZTYtOGY4OC0zNDM2M2JjN2M0YzAiOnsiY3JlYXRlIjozMDAwMDAwMDAwMCwidXBkYXRlIjozMDAwMDAwMDAwMH0sInNjaGVtYV92ZXJzaW9uIjoiMyJ9"},{"index_key":"bokstavboks.no-185.199.111.153","schema_version":3,"attributes":{"allow_overwrite":false,"comment":"","content":"185.199.111.153","created_on":"2024-08-18T08:10:23.09632Z","data":[],"hostname":"bokstavboks.no","id":"e3c7b9c69e74ef53840506b5239aee77","metadata":{"auto_added":"false","managed_by_apps":"false","managed_by_argo_tunnel":"false"},"modified_on":"2024-08-18T08:10:23.09632Z","name":"bokstavboks.no","priority":null,"proxiable":true,"proxied":true,"tags":[],"timeouts":null,"ttl":1,"type":"A","value":"185.199.111.153","zone_id":"58a5b04492c16abfbcb89f131853dd80"},"sensitive_attributes":[],"private":"eyJlMmJmYjczMC1lY2FhLTExZTYtOGY4OC0zNDM2M2JjN2M0YzAiOnsiY3JlYXRlIjozMDAwMDAwMDAwMCwidXBkYXRlIjozMDAwMDAwMDAwMH0sInNjaGVtYV92ZXJzaW9uIjoiMyJ9"}]},{"mode":"managed","type":"cloudflare_record","name":"aaaa_records","provider":"provider[\"registry.opentofu.org/cloudflare/cloudflare\"]","instances":[{"index_key":"bokstavboks.no-2606:50c0:8000::153","schema_version":3,"attributes":{"allow_overwrite":false,"comment":"","content":"2606:50c0:8000::153","created_on":"2024-08-18T08:10:22.589279Z","data":[],"hostname":"bokstavboks.no","id":"9fb575b96097cd07bcbe9a77cf866a23","metadata":{"auto_added":"false","managed_by_apps":"false","managed_by_argo_tunnel":"false"},"modified_on":"2024-08-18T08:10:22.589279Z","name":"bokstavboks.no","priority":null,"proxiable":true,"proxied":true,"tags":[],"timeouts":null,"ttl":1,"type":"AAAA","value":"2606:50c0:8000::153","zone_id":"58a5b04492c16abfbcb89f131853dd80"},"sensitive_attributes":[],"private":"eyJlMmJmYjczMC1lY2FhLTExZTYtOGY4OC0zNDM2M2JjN2M0YzAiOnsiY3JlYXRlIjozMDAwMDAwMDAwMCwidXBkYXRlIjozMDAwMDAwMDAwMH0sInNjaGVtYV92ZXJzaW9uIjoiMyJ9"},{"index_key":"bokstavboks.no-2606:50c0:8001::153","schema_version":3,"attributes":{"allow_overwrite":false,"comment":"","content":"2606:50c0:8001::153","created_on":"2024-08-18T08:10:27.334616Z","data":[],"hostname":"bokstavboks.no","id":"957e06ef46660d3768814fa50cb21c0b","metadata":{"auto_added":"false","managed_by_apps":"false","managed_by_argo_tunnel":"false"},"modified_on":"2024-08-18T08:10:27.334616Z","name":"bokstavboks.no","priority":null,"proxiable":true,"proxied":true,"tags":[],"timeouts":null,"ttl":1,"type":"AAAA","value":"2606:50c0:8001::153","zone_id":"58a5b04492c16abfbcb89f131853dd80"},"sensitive_attributes":[],"private":"eyJlMmJmYjczMC1lY2FhLTExZTYtOGY4OC0zNDM2M2JjN2M0YzAiOnsiY3JlYXRlIjozMDAwMDAwMDAwMCwidXBkYXRlIjozMDAwMDAwMDAwMH0sInNjaGVtYV92ZXJzaW9uIjoiMyJ9"},{"index_key":"bokstavboks.no-2606:50c0:8002::153","schema_version":3,"attributes":{"allow_overwrite":false,"comment":"","content":"2606:50c0:8002::153","created_on":"2024-08-18T08:10:27.101614Z","data":[],"hostname":"bokstavboks.no","id":"e672fa7727238bc754805dc07f5154a8","metadata":{"auto_added":"false","managed_by_apps":"false","managed_by_argo_tunnel":"false"},"modified_on":"2024-08-18T08:10:27.101614Z","name":"bokstavboks.no","priority":null,"proxiable":true,"proxied":true,"tags":[],"timeouts":null,"ttl":1,"type":"AAAA","value":"2606:50c0:8002::153","zone_id":"58a5b04492c16abfbcb89f131853dd80"},"sensitive_attributes":[],"private":"eyJlMmJmYjczMC1lY2FhLTExZTYtOGY4OC0zNDM2M2JjN2M0YzAiOnsiY3JlYXRlIjozMDAwMDAwMDAwMCwidXBkYXRlIjozMDAwMDAwMDAwMH0sInNjaGVtYV92ZXJzaW9uIjoiMyJ9"},{"index_key":"bokstavboks.no-2606:50c0:8003::153","schema_version":3,"attributes":{"allow_overwrite":false,"comment":"","content":"2606:50c0:8003::153","created_on":"2024-08-18T08:10:22.268596Z","data":[],"hostname":"bokstavboks.no","id":"f15a7b9634d3101ee145f0c2c59ce272","metadata":{"auto_added":"false","managed_by_apps":"false","managed_by_argo_tunnel":"false"},"modified_on":"2024-08-18T08:10:22.268596Z","name":"bokstavboks.no","priority":null,"proxiable":true,"proxied":true,"tags":[],"timeouts":null,"ttl":1,"type":"AAAA","value":"2606:50c0:8003::153","zone_id":"58a5b04492c16abfbcb89f131853dd80"},"sensitive_attributes":[],"private":"eyJlMmJmYjczMC1lY2FhLTExZTYtOGY4OC0zNDM2M2JjN2M0YzAiOnsiY3JlYXRlIjozMDAwMDAwMDAwMCwidXBkYXRlIjozMDAwMDAwMDAwMH0sInNjaGVtYV92ZXJzaW9uIjoiMyJ9"}]},{"mode":"managed","type":"cloudflare_record","name":"cname_no","provider":"provider[\"registry.opentofu.org/cloudflare/cloudflare\"]","instances":[{"index_key":"www","schema_version":3,"attributes":{"allow_overwrite":false,"comment":"","content":"bokstavboks.no","created_on":"2024-08-18T08:10:22.858293Z","data":[],"hostname":"www.bokstavboks.no","id":"62e904dfb0820eefd585c1e01db26d09","metadata":{"auto_added":"false","managed_by_apps":"false","managed_by_argo_tunnel":"false"},"modified_on":"2024-08-18T08:10:22.858293Z","name":"www","priority":null,"proxiable":true,"proxied":true,"tags":[],"timeouts":null,"ttl":1,"type":"CNAME","value":"bokstavboks.no","zone_id":"58a5b04492c16abfbcb89f131853dd80"},"sensitive_attributes":[],"private":"eyJlMmJmYjczMC1lY2FhLTExZTYtOGY4OC0zNDM2M2JjN2M0YzAiOnsiY3JlYXRlIjozMDAwMDAwMDAwMCwidXBkYXRlIjozMDAwMDAwMDAwMH0sInNjaGVtYV92ZXJzaW9uIjoiMyJ9"}]},{"mode":"managed","type":"cloudflare_record","name":"txt_records_no","provider":"provider[\"registry.opentofu.org/cloudflare/cloudflare\"]","instances":[{"index_key":"*._domainkey","schema_version":3,"attributes":{"allow_overwrite":false,"comment":"","content":"v=DKIM1; p=","created_on":"2024-08-18T08:10:23.297373Z","data":[],"hostname":"*._domainkey.bokstavboks.no","id":"9beba4ba6625361a5f7aed053dffa88f","metadata":{"auto_added":"false","managed_by_apps":"false","managed_by_argo_tunnel":"false"},"modified_on":"2024-08-18T08:10:23.297373Z","name":"*._domainkey","priority":null,"proxiable":false,"proxied":false,"tags":[],"timeouts":null,"ttl":1,"type":"TXT","value":"v=DKIM1; p=","zone_id":"58a5b04492c16abfbcb89f131853dd80"},"sensitive_attributes":[],"private":"eyJlMmJmYjczMC1lY2FhLTExZTYtOGY4OC0zNDM2M2JjN2M0YzAiOnsiY3JlYXRlIjozMDAwMDAwMDAwMCwidXBkYXRlIjozMDAwMDAwMDAwMH0sInNjaGVtYV92ZXJzaW9uIjoiMyJ9"},{"index_key":"_dmarc","schema_version":3,"attributes":{"allow_overwrite":false,"comment":"","content":"v=DMARC1; p=reject; sp=reject; adkim=s; aspf=s;","created_on":"2024-08-18T08:10:22.330108Z","data":[],"hostname":"_dmarc.bokstavboks.no","id":"d6314b75998b886fe2309783dd64ae7f","metadata":{"auto_added":"false","managed_by_apps":"false","managed_by_argo_tunnel":"false"},"modified_on":"2024-08-18T08:10:22.330108Z","name":"_dmarc","priority":null,"proxiable":false,"proxied":false,"tags":[],"timeouts":null,"ttl":1,"type":"TXT","value":"v=DMARC1; p=reject; sp=reject; adkim=s; aspf=s;","zone_id":"58a5b04492c16abfbcb89f131853dd80"},"sensitive_attributes":[],"private":"eyJlMmJmYjczMC1lY2FhLTExZTYtOGY4OC0zNDM2M2JjN2M0YzAiOnsiY3JlYXRlIjozMDAwMDAwMDAwMCwidXBkYXRlIjozMDAwMDAwMDAwMH0sInNjaGVtYV92ZXJzaW9uIjoiMyJ9"},{"index_key":"bokstavboks.no","schema_version":3,"attributes":{"allow_overwrite":false,"comment":"","content":"v=spf1 -all","created_on":"2024-08-18T08:10:23.561723Z","data":[],"hostname":"bokstavboks.no","id":"b0e9b1dc9a94087c2c6c81eee01f04d6","metadata":{"auto_added":"false","managed_by_apps":"false","managed_by_argo_tunnel":"false"},"modified_on":"2024-08-18T08:10:23.561723Z","name":"bokstavboks.no","priority":null,"proxiable":false,"proxied":false,"tags":[],"timeouts":null,"ttl":1,"type":"TXT","value":"v=spf1 -all","zone_id":"58a5b04492c16abfbcb89f131853dd80"},"sensitive_attributes":[],"private":"eyJlMmJmYjczMC1lY2FhLTExZTYtOGY4OC0zNDM2M2JjN2M0YzAiOnsiY3JlYXRlIjozMDAwMDAwMDAwMCwidXBkYXRlIjozMDAwMDAwMDAwMH0sInNjaGVtYV92ZXJzaW9uIjoiMyJ9"}]},{"mode":"managed","type":"cloudflare_zone_settings_override","name":"ssl_settings","provider":"provider[\"registry.opentofu.org/cloudflare/cloudflare\"]","instances":[{"schema_version":2,"attributes":{"id":"58a5b04492c16abfbcb89f131853dd80","initial_settings":[{"always_online":"off","always_use_https":"off","automatic_https_rewrites":"off","binary_ast":"off","brotli":"on","browser_cache_ttl":14400,"browser_check":"on","cache_level":"aggressive","challenge_ttl":1800,"ciphers":[],"cname_flattening":"flatten_at_root","development_mode":"off","early_hints":"off","email_obfuscation":"on","filter_logs_to_cloudflare":"off","fonts":"off","h2_prioritization":"off","hotlink_protection":"off","http2":"on","http3":"on","image_resizing":"off","ip_geolocation":"on","ipv6":"on","log_to_cloudflare":"on","max_upload":100,"min_tls_version":"1.0","minify":[],"mirage":"off","mobile_redirect":[],"nel":[{"enabled":true}],"opportunistic_encryption":"on","opportunistic_onion":"on","orange_to_orange":"off","origin_error_page_pass_thru":"off","origin_max_http_version":"2","polish":"off","prefetch_preload":"off","privacy_pass":"on","proxy_read_timeout":"100","pseudo_ipv4":"off","response_buffering":"off","rocket_loader":"off","security_header":[{"enabled":false,"include_subdomains":false,"max_age":0,"nosniff":false,"preload":false}],"security_level":"medium","server_side_exclude":"on","sort_query_string_for_cache":"off","ssl":"full","tls_1_2_only":"off","tls_1_3":"on","tls_client_auth":"off","true_client_ip_header":"off","universal_ssl":"","visitor_ip":"on","waf":"off","webp":"off","websockets":"on","zero_rtt":"off"}],"initial_settings_read_at":"2024-08-18T15:38:01.66513093Z","readonly_settings":["advanced_ddos","http2","long_lived_grpc","mirage","origin_error_page_pass_thru","polish","prefetch_preload","proxy_read_timeout","response_buffering","sort_query_string_for_cache","true_client_ip_header","webp","image_resizing"],"settings":[{"always_online":"","always_use_https":"","automatic_https_rewrites":"on","binary_ast":"","brotli":"","browser_cache_ttl":0,"browser_check":"","cache_level":"","challenge_ttl":0,"ciphers":[],"cname_flattening":"","development_mode":"","early_hints":"","email_obfuscation":"","filter_logs_to_cloudflare":"","fonts":"","h2_prioritization":"","hotlink_protection":"","http2":"","http3":"","image_resizing":"","ip_geolocation":"","ipv6":"","log_to_cloudflare":"","max_upload":0,"min_tls_version":"","minify":[],"mirage":"","mobile_redirect":[],"nel":[],"opportunistic_encryption":"","opportunistic_onion":"","orange_to_orange":"","origin_error_page_pass_thru":"","origin_max_http_version":"","polish":"","prefetch_preload":"","privacy_pass":"","proxy_read_timeout":"","pseudo_ipv4":"","response_buffering":"","rocket_loader":"","security_header":[],"security_level":"","server_side_exclude":"","sort_query_string_for_cache":"","ssl":"strict","tls_1_2_only":"","tls_1_3":"","tls_client_auth":"","true_client_ip_header":"","universal_ssl":"","visitor_ip":"","waf":"","webp":"","websockets":"","zero_rtt":""}],"zone_id":"58a5b04492c16abfbcb89f131853dd80","zone_status":"active","zone_type":"full"},"sensitive_attributes":[],"private":"eyJzY2hlbWFfdmVyc2lvbiI6IjIifQ=="}]}],"check_results":null}
